
Microsoft Visual Studio Solution File, Format Version 11.00
# Visual C# Express 2010
Project("{FAE04EC0-301F-11D3-BF4B-00C04F79EFBC}") = "Operações Matématicas", "Operações Matématicas\Operações Matématicas.csproj", "{4C7AA67B-19E9-4A42-9C76-1EDC78B6397A}"
EndProject
Global
	GlobalSection(SolutionConfigurationPlatforms) = preSolution
		Debug|x86 = Debug|x86
		Release|x86 = Release|x86
	EndGlobalSection
	GlobalSection(ProjectConfigurationPlatforms) = postSolution
		{4C7AA67B-19E9-4A42-9C76-1EDC78B6397A}.Debug|x86.ActiveCfg = Debug|x86
		{4C7AA67B-19E9-4A42-9C76-1EDC78B6397A}.Debug|x86.Build.0 = Debug|x86
		{4C7AA67B-19E9-4A42-9C76-1EDC78B6397A}.Release|x86.ActiveCfg = Release|x86
		{4C7AA67B-19E9-4A42-9C76-1EDC78B6397A}.Release|x86.Build.0 = Release|x86
	EndGlobalSection
	GlobalSection(SolutionProperties) = preSolution
		HideSolutionNode = FALSE
	EndGlobalSection
EndGlobal
