
Microsoft Visual Studio Solution File, Format Version 12.00
# Visual Studio 15
VisualStudioVersion = 15.0.28307.168
MinimumVisualStudioVersion = 10.0.40219.1
Project("{FAE04EC0-301F-11D3-BF4B-00C04F79EFBC}") = "Course", "Course\Course.csproj", "{8EDDECBD-A2B6-464B-9DF8-4BC3ED2B1F44}"
EndProject
Global
	GlobalSection(SolutionConfigurationPlatforms) = preSolution
		Debug|Any CPU = Debug|Any CPU
		Release|Any CPU = Release|Any CPU
	EndGlobalSection
	GlobalSection(ProjectConfigurationPlatforms) = postSolution
		{8EDDECBD-A2B6-464B-9DF8-4BC3ED2B1F44}.Debug|Any CPU.ActiveCfg = Debug|Any CPU
		{8EDDECBD-A2B6-464B-9DF8-4BC3ED2B1F44}.Debug|Any CPU.Build.0 = Debug|Any CPU
		{8EDDECBD-A2B6-464B-9DF8-4BC3ED2B1F44}.Release|Any CPU.ActiveCfg = Release|Any CPU
		{8EDDECBD-A2B6-464B-9DF8-4BC3ED2B1F44}.Release|Any CPU.Build.0 = Release|Any CPU
	EndGlobalSection
	GlobalSection(SolutionProperties) = preSolution
		HideSolutionNode = FALSE
	EndGlobalSection
	GlobalSection(ExtensibilityGlobals) = postSolution
		SolutionGuid = {0036EB87-7A82-473A-BD1D-7EC01C6F1264}
	EndGlobalSection
EndGlobal
