
Microsoft Visual Studio Solution File, Format Version 12.00
# Visual Studio 15
VisualStudioVersion = 15.0.28307.168
MinimumVisualStudioVersion = 10.0.40219.1
Project("{FAE04EC0-301F-11D3-BF4B-00C04F79EFBC}") = "ConsoleApp4", "ConsoleApp4\ConsoleApp4.csproj", "{A6FC4C1A-F0F5-44BE-94A0-349EA5CB9226}"
EndProject
Project("{2150E333-8FDC-42A3-9474-1A3956D46DE8}") = "Solution Items", "Solution Items", "{F35E4319-978F-4A2F-BFF6-C22F316076A5}"
EndProject
Global
	GlobalSection(SolutionConfigurationPlatforms) = preSolution
		Debug|Any CPU = Debug|Any CPU
		Release|Any CPU = Release|Any CPU
	EndGlobalSection
	GlobalSection(ProjectConfigurationPlatforms) = postSolution
		{A6FC4C1A-F0F5-44BE-94A0-349EA5CB9226}.Debug|Any CPU.ActiveCfg = Debug|Any CPU
		{A6FC4C1A-F0F5-44BE-94A0-349EA5CB9226}.Debug|Any CPU.Build.0 = Debug|Any CPU
		{A6FC4C1A-F0F5-44BE-94A0-349EA5CB9226}.Release|Any CPU.ActiveCfg = Release|Any CPU
		{A6FC4C1A-F0F5-44BE-94A0-349EA5CB9226}.Release|Any CPU.Build.0 = Release|Any CPU
	EndGlobalSection
	GlobalSection(SolutionProperties) = preSolution
		HideSolutionNode = FALSE
	EndGlobalSection
	GlobalSection(ExtensibilityGlobals) = postSolution
		SolutionGuid = {DA4CEC84-C5FA-407D-931B-01703F808E56}
	EndGlobalSection
EndGlobal
