
Microsoft Visual Studio Solution File, Format Version 12.00
# Visual Studio 15
VisualStudioVersion = 15.0.28307.168
MinimumVisualStudioVersion = 10.0.40219.1
Project("{FAE04EC0-301F-11D3-BF4B-00C04F79EFBC}") = "Exercicios01", "ConsoleApp1\Exercicios01.csproj", "{0BFC4B01-B02D-4A1E-8841-D6011D055DA1}"
EndProject
Global
	GlobalSection(SolutionConfigurationPlatforms) = preSolution
		Debug|Any CPU = Debug|Any CPU
		Release|Any CPU = Release|Any CPU
	EndGlobalSection
	GlobalSection(ProjectConfigurationPlatforms) = postSolution
		{0BFC4B01-B02D-4A1E-8841-D6011D055DA1}.Debug|Any CPU.ActiveCfg = Debug|Any CPU
		{0BFC4B01-B02D-4A1E-8841-D6011D055DA1}.Debug|Any CPU.Build.0 = Debug|Any CPU
		{0BFC4B01-B02D-4A1E-8841-D6011D055DA1}.Release|Any CPU.ActiveCfg = Release|Any CPU
		{0BFC4B01-B02D-4A1E-8841-D6011D055DA1}.Release|Any CPU.Build.0 = Release|Any CPU
	EndGlobalSection
	GlobalSection(SolutionProperties) = preSolution
		HideSolutionNode = FALSE
	EndGlobalSection
	GlobalSection(ExtensibilityGlobals) = postSolution
		SolutionGuid = {5D69748D-07BF-4A7B-B00A-3115D5875187}
	EndGlobalSection
EndGlobal
